# This file is automatically @generated by Cargo.
# It is not intended for manual editing.
version = 3

[[package]]
name = "deps-tests"
version = "0.1.0"
dependencies = [
 "implementation 0.1.0 (git+https://github.com/osiewicz/self-referencing-crate.git?tag=stable)",
 "implementation 0.1.0 (git+https://github.com/osiewicz/self-referencing-crate.git)",
]

[[package]]
name = "implementation"
version = "0.1.0"

[[package]]
name = "implementation"
version = "0.1.0"
source = "git+https://github.com/osiewicz/self-referencing-crate.git?tag=stable#ae045684fa075e06d30ec923685dce0dd5b1b54e"

[[package]]
name = "implementation"
version = "0.1.0"
source = "git+https://github.com/osiewicz/self-referencing-crate.git#f9b63182aa4d8a5a2df1edb69712d8991a544745"
